// !$*UTF8*$!
{
	archiveVersion = 1;
	classes = {
	};
	objectVersion = 50;
	objects = {

/* Begin PBXBuildFile section */
		07E3B8C1230F6E55009A5DB5 /* AppDelegate.swift in Sources */ = {isa = PBXBuildFile; fileRef = 07E3B8C0230F6E55009A5DB5 /* AppDelegate.swift */; };
		07E3B8C3230F6E55009A5DB5 /* ViewController.swift in Sources */ = {isa = PBXBuildFile; fileRef = 07E3B8C2230F6E55009A5DB5 /* ViewController.swift */; };
		07E3B8C6230F6E55009A5DB5 /* Main.storyboard in Resources */ = {isa = PBXBuildFile; fileRef = 07E3B8C4230F6E55009A5DB5 /* Main.storyboard */; };
		07E3B8C8230F6E57009A5DB5 /* Assets.xcassets in Resources */ = {isa = PBXBuildFile; fileRef = 07E3B8C7230F6E57009A5DB5 /* Assets.xcassets */; };
		07E3B8CB230F6E57009A5DB5 /* LaunchScreen.storyboard in Resources */ = {isa = PBXBuildFile; fileRef = 07E3B8C9230F6E57009A5DB5 /* LaunchScreen.storyboard */; };
		07E3B8D3230F6EDC009A5DB5 /* TableViewController.swift in Sources */ = {isa = PBXBuildFile; fileRef = 07E3B8D2230F6EDC009A5DB5 /* TableViewController.swift */; };
		07E3B8D5230F6FBC009A5DB5 /* SelfSizingCollectionViewController.swift in Sources */ = {isa = PBXBuildFile; fileRef = 07E3B8D4230F6FBC009A5DB5 /* SelfSizingCollectionViewController.swift */; };
		F489EC9EEC7EAB9E36447247 /* libPods-TipOfMyKeyboard.a in Frameworks */ = {isa = PBXBuildFile; fileRef = 6D5C2DCEBA28AAF6FC27683F /* libPods-TipOfMyKeyboard.a */; };
/* End PBXBuildFile section */

/* Begin PBXFileReference section */
		07E3B8BD230F6E55009A5DB5 /* TipOfMyKeyboard.app */ = {isa = PBXFileReference; explicitFileType = wrapper.application; includeInIndex = 0; path = TipOfMyKeyboard.app; sourceTree = BUILT_PRODUCTS_DIR; };
		07E3B8C0230F6E55009A5DB5 /* AppDelegate.swift */ = {isa = PBXFileReference; lastKnownFileType = sourcecode.swift; path = AppDelegate.swift; sourceTree = "<group>"; };
		07E3B8C2230F6E55009A5DB5 /* ViewController.swift */ = {isa = PBXFileReference; lastKnownFileType = sourcecode.swift; path = ViewController.swift; sourceTree = "<group>"; };
		07E3B8C5230F6E55009A5DB5 /* Base */ = {isa = PBXFileReference; lastKnownFileType = file.storyboard; name = Base; path = Base.lproj/Main.storyboard; sourceTree = "<group>"; };
		07E3B8C7230F6E57009A5DB5 /* Assets.xcassets */ = {isa = PBXFileReference; lastKnownFileType = folder.assetcatalog; path = Assets.xcassets; sourceTree = "<group>"; };
		07E3B8CA230F6E57009A5DB5 /* Base */ = {isa = PBXFileReference; lastKnownFileType = file.storyboard; name = Base; path = Base.lproj/LaunchScreen.storyboard; sourceTree = "<group>"; };
		07E3B8CC230F6E57009A5DB5 /* Info.plist */ = {isa = PBXFileReference; lastKnownFileType = text.plist.xml; path = Info.plist; sourceTree = "<group>"; };
		07E3B8D2230F6EDC009A5DB5 /* TableViewController.swift */ = {isa = PBXFileReference; lastKnownFileType = sourcecode.swift; path = TableViewController.swift; sourceTree = "<group>"; };
		07E3B8D4230F6FBC009A5DB5 /* SelfSizingCollectionViewController.swift */ = {isa = PBXFileReference; lastKnownFileType = sourcecode.swift; path = SelfSizingCollectionViewController.swift; sourceTree = "<group>"; };
		338C102262A8AD33C7218910 /* Pods-TipOfMyKeyboard.debug.xcconfig */ = {isa = PBXFileReference; includeInIndex = 1; lastKnownFileType = text.xcconfig; name = "Pods-TipOfMyKeyboard.debug.xcconfig"; path = "Target Support Files/Pods-TipOfMyKeyboard/Pods-TipOfMyKeyboard.debug.xcconfig"; sourceTree = "<group>"; };
		6D5C2DCEBA28AAF6FC27683F /* libPods-TipOfMyKeyboard.a */ = {isa = PBXFileReference; explicitFileType = archive.ar; includeInIndex = 0; path = "libPods-TipOfMyKeyboard.a"; sourceTree = BUILT_PRODUCTS_DIR; };
		B15C4422FE566CB4D4623A18 /* Pods-TipOfMyKeyboard.release.xcconfig */ = {isa = PBXFileReference; includeInIndex = 1; lastKnownFileType = text.xcconfig; name = "Pods-TipOfMyKeyboard.release.xcconfig"; path = "Target Support Files/Pods-TipOfMyKeyboard/Pods-TipOfMyKeyboard.release.xcconfig"; sourceTree = "<group>"; };
/* End PBXFileReference section */

/* Begin PBXFrameworksBuildPhase section */
		07E3B8BA230F6E55009A5DB5 /* Frameworks */ = {
			isa = PBXFrameworksBuildPhase;
			buildActionMask = 2147483647;
			files = (
				F489EC9EEC7EAB9E36447247 /* libPods-TipOfMyKeyboard.a in Frameworks */,
			);
			runOnlyForDeploymentPostprocessing = 0;
		};
/* End PBXFrameworksBuildPhase section */

/* Begin PBXGroup section */
		07E3B8B4230F6E55009A5DB5 = {
			isa = PBXGroup;
			children = (
				07E3B8BF230F6E55009A5DB5 /* TipOfMyKeyboard */,
				07E3B8BE230F6E55009A5DB5 /* Products */,
				F436BFBBD871B948915F8947 /* Pods */,
				8576C1BFD79BB2D159A59F04 /* Frameworks */,
			);
			sourceTree = "<group>";
		};
		07E3B8BE230F6E55009A5DB5 /* Products */ = {
			isa = PBXGroup;
			children = (
				07E3B8BD230F6E55009A5DB5 /* TipOfMyKeyboard.app */,
			);
			name = Products;
			sourceTree = "<group>";
		};
		07E3B8BF230F6E55009A5DB5 /* TipOfMyKeyboard */ = {
			isa = PBXGroup;
			children = (
				07E3B8C0230F6E55009A5DB5 /* AppDelegate.swift */,
				07E3B8C2230F6E55009A5DB5 /* ViewController.swift */,
				07E3B8D2230F6EDC009A5DB5 /* TableViewController.swift */,
				07E3B8D4230F6FBC009A5DB5 /* SelfSizingCollectionViewController.swift */,
				07E3B8C4230F6E55009A5DB5 /* Main.storyboard */,
				07E3B8C7230F6E57009A5DB5 /* Assets.xcassets */,
				07E3B8C9230F6E57009A5DB5 /* LaunchScreen.storyboard */,
				07E3B8CC230F6E57009A5DB5 /* Info.plist */,
			);
			path = TipOfMyKeyboard;
			sourceTree = "<group>";
		};
		8576C1BFD79BB2D159A59F04 /* Frameworks */ = {
			isa = PBXGroup;
			children = (
				6D5C2DCEBA28AAF6FC27683F /* libPods-TipOfMyKeyboard.a */,
			);
			name = Frameworks;
			sourceTree = "<group>";
		};
		F436BFBBD871B948915F8947 /* Pods */ = {
			isa = PBXGroup;
			children = (
				338C102262A8AD33C7218910 /* Pods-TipOfMyKeyboard.debug.xcconfig */,
				B15C4422FE566CB4D4623A18 /* Pods-TipOfMyKeyboard.release.xcconfig */,
			);
			name = Pods;
			path = Pods;
			sourceTree = "<group>";
		};
/* End PBXGroup section */

/* Begin PBXNativeTarget section */
		07E3B8BC230F6E55009A5DB5 /* TipOfMyKeyboard */ = {
			isa = PBXNativeTarget;
			buildConfigurationList = 07E3B8CF230F6E57009A5DB5 /* Build configuration list for PBXNativeTarget "TipOfMyKeyboard" */;
			buildPhases = (
				4B1D531740FBAB1220900D8A /* [CP] Check Pods Manifest.lock */,
				07E3B8B9230F6E55009A5DB5 /* Sources */,
				07E3B8BA230F6E55009A5DB5 /* Frameworks */,
				07E3B8BB230F6E55009A5DB5 /* Resources */,
				E1737A975C3F341ECC00D9A7 /* [CP] Copy Pods Resources */,
			);
			buildRules = (
			);
			dependencies = (
			);
			name = TipOfMyKeyboard;
			productName = TipOfMyKeyboard;
			productReference = 07E3B8BD230F6E55009A5DB5 /* TipOfMyKeyboard.app */;
			productType = "com.apple.product-type.application";
		};
/* End PBXNativeTarget section */

/* Begin PBXProject section */
		07E3B8B5230F6E55009A5DB5 /* Project object */ = {
			isa = PBXProject;
			attributes = {
				LastSwiftUpdateCheck = 1030;
				LastUpgradeCheck = 1030;
				ORGANIZATIONNAME = "Kosoku Interactive, LLC.";
				TargetAttributes = {
					07E3B8BC230F6E55009A5DB5 = {
						CreatedOnToolsVersion = 10.3;
					};
				};
			};
			buildConfigurationList = 07E3B8B8230F6E55009A5DB5 /* Build configuration list for PBXProject "TipOfMyKeyboard" */;
			compatibilityVersion = "Xcode 9.3";
			developmentRegion = en;
			hasScannedForEncodings = 0;
			knownRegions = (
				en,
				Base,
			);
			mainGroup = 07E3B8B4230F6E55009A5DB5;
			productRefGroup = 07E3B8BE230F6E55009A5DB5 /* Products */;
			projectDirPath = "";
			projectRoot = "";
			targets = (
				07E3B8BC230F6E55009A5DB5 /* TipOfMyKeyboard */,
			);
		};
/* End PBXProject section */

/* Begin PBXResourcesBuildPhase section */
		07E3B8BB230F6E55009A5DB5 /* Resources */ = {
			isa = PBXResourcesBuildPhase;
			buildActionMask = 2147483647;
			files = (
				07E3B8CB230F6E57009A5DB5 /* LaunchScreen.storyboard in Resources */,
				07E3B8C8230F6E57009A5DB5 /* Assets.xcassets in Resources */,
				07E3B8C6230F6E55009A5DB5 /* Main.storyboard in Resources */,
			);
			runOnlyForDeploymentPostprocessing = 0;
		};
/* End PBXResourcesBuildPhase section */

/* Begin PBXShellScriptBuildPhase section */
		4B1D531740FBAB1220900D8A /* [CP] Check Pods Manifest.lock */ = {
			isa = PBXShellScriptBuildPhase;
			buildActionMask = 2147483647;
			files = (
			);
			inputFileListPaths = (
			);
			inputPaths = (
				"${PODS_PODFILE_DIR_PATH}/Podfile.lock",
				"${PODS_ROOT}/Manifest.lock",
			);
			name = "[CP] Check Pods Manifest.lock";
			outputFileListPaths = (
			);
			outputPaths = (
				"$(DERIVED_FILE_DIR)/Pods-TipOfMyKeyboard-checkManifestLockResult.txt",
			);
			runOnlyForDeploymentPostprocessing = 0;
			shellPath = /bin/sh;
			shellScript = "diff \"${PODS_PODFILE_DIR_PATH}/Podfile.lock\" \"${PODS_ROOT}/Manifest.lock\" > /dev/null\nif [ $? != 0 ] ; then\n    # print error to STDERR\n    echo \"error: The sandbox is not in sync with the Podfile.lock. Run 'pod install' or update your CocoaPods installation.\" >&2\n    exit 1\nfi\n# This output is used by Xcode 'outputs' to avoid re-running this script phase.\necho \"SUCCESS\" > \"${SCRIPT_OUTPUT_FILE_0}\"\n";
			showEnvVarsInLog = 0;
		};
		E1737A975C3F341ECC00D9A7 /* [CP] Copy Pods Resources */ = {
			isa = PBXShellScriptBuildPhase;
			buildActionMask = 2147483647;
			files = (
			);
			inputFileListPaths = (
				"${PODS_ROOT}/Target Support Files/Pods-TipOfMyKeyboard/Pods-TipOfMyKeyboard-resources-${CONFIGURATION}-input-files.xcfilelist",
			);
			name = "[CP] Copy Pods Resources";
			outputFileListPaths = (
				"${PODS_ROOT}/Target Support Files/Pods-TipOfMyKeyboard/Pods-TipOfMyKeyboard-resources-${CONFIGURATION}-output-files.xcfilelist",
			);
			runOnlyForDeploymentPostprocessing = 0;
			shellPath = /bin/sh;
			shellScript = "\"${PODS_ROOT}/Target Support Files/Pods-TipOfMyKeyboard/Pods-TipOfMyKeyboard-resources.sh\"\n";
			showEnvVarsInLog = 0;
		};
/* End PBXShellScriptBuildPhase section */

/* Begin PBXSourcesBuildPhase section */
		07E3B8B9230F6E55009A5DB5 /* Sources */ = {
			isa = PBXSourcesBuildPhase;
			buildActionMask = 2147483647;
			files = (
				07E3B8D5230F6FBC009A5DB5 /* SelfSizingCollectionViewController.swift in Sources */,
				07E3B8C3230F6E55009A5DB5 /* ViewController.swift in Sources */,
				07E3B8D3230F6EDC009A5DB5 /* TableViewController.swift in Sources */,
				07E3B8C1230F6E55009A5DB5 /* AppDelegate.swift in Sources */,
			);
			runOnlyForDeploymentPostprocessing = 0;
		};
/* End PBXSourcesBuildPhase section */

/* Begin PBXVariantGroup section */
		07E3B8C4230F6E55009A5DB5 /* Main.storyboard */ = {
			isa = PBXVariantGroup;
			children = (
				07E3B8C5230F6E55009A5DB5 /* Base */,
			);
			name = Main.storyboard;
			sourceTree = "<group>";
		};
		07E3B8C9230F6E57009A5DB5 /* LaunchScreen.storyboard */ = {
			isa = PBXVariantGroup;
			children = (
				07E3B8CA230F6E57009A5DB5 /* Base */,
			);
			name = LaunchScreen.storyboard;
			sourceTree = "<group>";
		};
/* End PBXVariantGroup section */

/* Begin XCBuildConfiguration section */
		07E3B8CD230F6E57009A5DB5 /* Debug */ = {
			isa = XCBuildConfiguration;
			buildSettings = {
				ALWAYS_SEARCH_USER_PATHS = NO;
				CLANG_ANALYZER_NONNULL = YES;
				CLANG_ANALYZER_NUMBER_OBJECT_CONVERSION = YES_AGGRESSIVE;
				CLANG_CXX_LANGUAGE_STANDARD = "gnu++14";
				CLANG_CXX_LIBRARY = "libc++";
				CLANG_ENABLE_MODULES = YES;
				CLANG_ENABLE_OBJC_ARC = YES;
				CLANG_ENABLE_OBJC_WEAK = YES;
				CLANG_WARN_BLOCK_CAPTURE_AUTORELEASING = YES;
				CLANG_WARN_BOOL_CONVERSION = YES;
				CLANG_WARN_COMMA = YES;
				CLANG_WARN_CONSTANT_CONVERSION = YES;
				CLANG_WARN_DEPRECATED_OBJC_IMPLEMENTATIONS = YES;
				CLANG_WARN_DIRECT_OBJC_ISA_USAGE = YES_ERROR;
				CLANG_WARN_DOCUMENTATION_COMMENTS = YES;
				CLANG_WARN_EMPTY_BODY = YES;
				CLANG_WARN_ENUM_CONVERSION = YES;
				CLANG_WARN_INFINITE_RECURSION = YES;
				CLANG_WARN_INT_CONVERSION = YES;
				CLANG_WARN_NON_LITERAL_NULL_CONVERSION = YES;
				CLANG_WARN_OBJC_IMPLICIT_RETAIN_SELF = YES;
				CLANG_WARN_OBJC_LITERAL_CONVERSION = YES;
				CLANG_WARN_OBJC_ROOT_CLASS = YES_ERROR;
				CLANG_WARN_RANGE_LOOP_ANALYSIS = YES;
				CLANG_WARN_STRICT_PROTOTYPES = YES;
				CLANG_WARN_SUSPICIOUS_MOVE = YES;
				CLANG_WARN_UNGUARDED_AVAILABILITY = YES_AGGRESSIVE;
				CLANG_WARN_UNREACHABLE_CODE = YES;
				CLANG_WARN__DUPLICATE_METHOD_MATCH = YES;
				CODE_SIGN_IDENTITY = "iPhone Developer";
				COPY_PHASE_STRIP = NO;
				DEBUG_INFORMATION_FORMAT = dwarf;
				ENABLE_STRICT_OBJC_MSGSEND = YES;
				ENABLE_TESTABILITY = YES;
				GCC_C_LANGUAGE_STANDARD = gnu11;
				GCC_DYNAMIC_NO_PIC = NO;
				GCC_NO_COMMON_BLOCKS = YES;
				GCC_OPTIMIZATION_LEVEL = 0;
				GCC_PREPROCESSOR_DEFINITIONS = (
					"DEBUG=1",
					"$(inherited)",
				);
				GCC_WARN_64_TO_32_BIT_CONVERSION = YES;
				GCC_WARN_ABOUT_RETURN_TYPE = YES_ERROR;
				GCC_WARN_UNDECLARED_SELECTOR = YES;
				GCC_WARN_UNINITIALIZED_AUTOS = YES_AGGRESSIVE;
				GCC_WARN_UNUSED_FUNCTION = YES;
				GCC_WARN_UNUSED_VARIABLE = YES;
				IPHONEOS_DEPLOYMENT_TARGET = 12.4;
				MTL_ENABLE_DEBUG_INFO = INCLUDE_SOURCE;
				MTL_FAST_MATH = YES;
				ONLY_ACTIVE_ARCH = YES;
				SDKROOT = iphoneos;
				SWIFT_ACTIVE_COMPILATION_CONDITIONS = DEBUG;
				SWIFT_OPTIMIZATION_LEVEL = "-Onone";
			};
			name = Debug;
		};
		07E3B8CE230F6E57009A5DB5 /* Release */ = {
			isa = XCBuildConfiguration;
			buildSettings = {
				ALWAYS_SEARCH_USER_PATHS = NO;
				CLANG_ANALYZER_NONNULL = YES;
				CLANG_ANALYZER_NUMBER_OBJECT_CONVERSION = YES_AGGRESSIVE;
				CLANG_CXX_LANGUAGE_STANDARD = "gnu++14";
				CLANG_CXX_LIBRARY = "libc++";
				CLANG_ENABLE_MODULES = YES;
				CLANG_ENABLE_OBJC_ARC = YES;
				CLANG_ENABLE_OBJC_WEAK = YES;
				CLANG_WARN_BLOCK_CAPTURE_AUTORELEASING = YES;
				CLANG_WARN_BOOL_CONVERSION = YES;
				CLANG_WARN_COMMA = YES;
				CLANG_WARN_CONSTANT_CONVERSION = YES;
				CLANG_WARN_DEPRECATED_OBJC_IMPLEMENTATIONS = YES;
				CLANG_WARN_DIRECT_OBJC_ISA_USAGE = YES_ERROR;
				CLANG_WARN_DOCUMENTATION_COMMENTS = YES;
				CLANG_WARN_EMPTY_BODY = YES;
				CLANG_WARN_ENUM_CONVERSION = YES;
				CLANG_WARN_INFINITE_RECURSION = YES;
				CLANG_WARN_INT_CONVERSION = YES;
				CLANG_WARN_NON_LITERAL_NULL_CONVERSION = YES;
				CLANG_WARN_OBJC_IMPLICIT_RETAIN_SELF = YES;
				CLANG_WARN_OBJC_LITERAL_CONVERSION = YES;
				CLANG_WARN_OBJC_ROOT_CLASS = YES_ERROR;
				CLANG_WARN_RANGE_LOOP_ANALYSIS = YES;
				CLANG_WARN_STRICT_PROTOTYPES = YES;
				CLANG_WARN_SUSPICIOUS_MOVE = YES;
				CLANG_WARN_UNGUARDED_AVAILABILITY = YES_AGGRESSIVE;
				CLANG_WARN_UNREACHABLE_CODE = YES;
				CLANG_WARN__DUPLICATE_METHOD_MATCH = YES;
				CODE_SIGN_IDENTITY = "iPhone Developer";
				COPY_PHASE_STRIP = NO;
				DEBUG_INFORMATION_FORMAT = "dwarf-with-dsym";
				ENABLE_NS_ASSERTIONS = NO;
				ENABLE_STRICT_OBJC_MSGSEND = YES;
				GCC_C_LANGUAGE_STANDARD = gnu11;
				GCC_NO_COMMON_BLOCKS = YES;
				GCC_WARN_64_TO_32_BIT_CONVERSION = YES;
				GCC_WARN_ABOUT_RETURN_TYPE = YES_ERROR;
				GCC_WARN_UNDECLARED_SELECTOR = YES;
				GCC_WARN_UNINITIALIZED_AUTOS = YES_AGGRESSIVE;
				GCC_WARN_UNUSED_FUNCTION = YES;
				GCC_WARN_UNUSED_VARIABLE = YES;
				IPHONEOS_DEPLOYMENT_TARGET = 12.4;
				MTL_ENABLE_DEBUG_INFO = NO;
				MTL_FAST_MATH = YES;
				SDKROOT = iphoneos;
				SWIFT_COMPILATION_MODE = wholemodule;
				SWIFT_OPTIMIZATION_LEVEL = "-O";
				VALIDATE_PRODUCT = YES;
			};
			name = Release;
		};
		07E3B8D0230F6E57009A5DB5 /* Debug */ = {
			isa = XCBuildConfiguration;
			baseConfigurationReference = 338C102262A8AD33C7218910 /* Pods-TipOfMyKeyboard.debug.xcconfig */;
			buildSettings = {
				ASSETCATALOG_COMPILER_APPICON_NAME = AppIcon;
				CODE_SIGN_STYLE = Automatic;
				DEVELOPMENT_TEAM = 74KPPW2K35;
				INFOPLIST_FILE = TipOfMyKeyboard/Info.plist;
				LD_RUNPATH_SEARCH_PATHS = (
					"$(inherited)",
					"@executable_path/Frameworks",
				);
				PRODUCT_BUNDLE_IDENTIFIER = com.kosoku.TipOfMyKeyboard;
				PRODUCT_NAME = "$(TARGET_NAME)";
				SWIFT_VERSION = 5.0;
				TARGETED_DEVICE_FAMILY = "1,2";
			};
			name = Debug;
		};
		07E3B8D1230F6E57009A5DB5 /* Release */ = {
			isa = XCBuildConfiguration;
			baseConfigurationReference = B15C4422FE566CB4D4623A18 /* Pods-TipOfMyKeyboard.release.xcconfig */;
			buildSettings = {
				ASSETCATALOG_COMPILER_APPICON_NAME = AppIcon;
				CODE_SIGN_STYLE = Automatic;
				DEVELOPMENT_TEAM = 74KPPW2K35;
				INFOPLIST_FILE = TipOfMyKeyboard/Info.plist;
				LD_RUNPATH_SEARCH_PATHS = (
					"$(inherited)",
					"@executable_path/Frameworks",
				);
				PRODUCT_BUNDLE_IDENTIFIER = com.kosoku.TipOfMyKeyboard;
				PRODUCT_NAME = "$(TARGET_NAME)";
				SWIFT_VERSION = 5.0;
				TARGETED_DEVICE_FAMILY = "1,2";
			};
			name = Release;
		};
/* End XCBuildConfiguration section */

/* Begin XCConfigurationList section */
		07E3B8B8230F6E55009A5DB5 /* Build configuration list for PBXProject "TipOfMyKeyboard" */ = {
			isa = XCConfigurationList;
			buildConfigurations = (
				07E3B8CD230F6E57009A5DB5 /* Debug */,
				07E3B8CE230F6E57009A5DB5 /* Release */,
			);
			defaultConfigurationIsVisible = 0;
			defaultConfigurationName = Release;
		};
		07E3B8CF230F6E57009A5DB5 /* Build configuration list for PBXNativeTarget "TipOfMyKeyboard" */ = {
			isa = XCConfigurationList;
			buildConfigurations = (
				07E3B8D0230F6E57009A5DB5 /* Debug */,
				07E3B8D1230F6E57009A5DB5 /* Release */,
			);
			defaultConfigurationIsVisible = 0;
			defaultConfigurationName = Release;
		};
/* End XCConfigurationList section */
	};
	rootObject = 07E3B8B5230F6E55009A5DB5 /* Project object */;
}
